{
  "name": "rn-proximity",
  "version": "1.0.0",
  "lockfileVersion": 2,
  "requires": true,
  "packages": {
    "": {
      "name": "rn-proximity",
      "version": "1.0.0",
      "license": "ISC",
      "dependencies": {
        "react-native-proximity": "^3.0.0"
      }
    },
    "node_modules/react-native-proximity": {
      "version": "3.0.0",
      "resolved": "https://registry.npmjs.org/react-native-proximity/-/react-native-proximity-3.0.0.tgz",
      "integrity": "sha512-OnFXxCAcA6veF9jd5i5J3v1RR/IwBnX0DHMfFWmdltqlwDOQQi0dgKwZMyB0FkAeGHdYo7UESzEzmxkJpeqhdQ=="
    }
  },
  "dependencies": {
    "react-native-proximity": {
      "version": "3.0.0",
      "resolved": "https://registry.npmjs.org/react-native-proximity/-/react-native-proximity-3.0.0.tgz",
      "integrity": "sha512-OnFXxCAcA6veF9jd5i5J3v1RR/IwBnX0DHMfFWmdltqlwDOQQi0dgKwZMyB0FkAeGHdYo7UESzEzmxkJpeqhdQ=="
    }
  }
}
